
Microsoft Visual Studio Solution File, Format Version 12.00
# Visual Studio Version 16
VisualStudioVersion = 16.0.30225.117
MinimumVisualStudioVersion = 10.0.40219.1
Project("{FAE04EC0-301F-11D3-BF4B-00C04F79EFBC}") = "Currency Apps", "Currency Apps\Currency Apps.csproj", "{050BB34D-B1D9-4C10-910F-C316ABB78403}"
EndProject
Global
	GlobalSection(SolutionConfigurationPlatforms) = preSolution
		Debug|Any CPU = Debug|Any CPU
		Release|Any CPU = Release|Any CPU
	EndGlobalSection
	GlobalSection(ProjectConfigurationPlatforms) = postSolution
		{050BB34D-B1D9-4C10-910F-C316ABB78403}.Debug|Any CPU.ActiveCfg = Debug|Any CPU
		{050BB34D-B1D9-4C10-910F-C316ABB78403}.Debug|Any CPU.Build.0 = Debug|Any CPU
		{050BB34D-B1D9-4C10-910F-C316ABB78403}.Release|Any CPU.ActiveCfg = Release|Any CPU
		{050BB34D-B1D9-4C10-910F-C316ABB78403}.Release|Any CPU.Build.0 = Release|Any CPU
	EndGlobalSection
	GlobalSection(SolutionProperties) = preSolution
		HideSolutionNode = FALSE
	EndGlobalSection
	GlobalSection(ExtensibilityGlobals) = postSolution
		SolutionGuid = {96BE524D-D81E-41C2-96CD-A0C0AB949E0F}
	EndGlobalSection
EndGlobal
